
Microsoft Visual Studio Solution File, Format Version 12.00
# Visual Studio Version 16
VisualStudioVersion = 16.0.30104.148
MinimumVisualStudioVersion = 10.0.40219.1
Project("{9A19103F-16F7-4668-BE54-9A1E7A4F7556}") = "stl_uploader_2", "stl_uploader_2\stl_uploader_2.csproj", "{8A46FD11-348F-402F-865E-9590BA9E4007}"
EndProject
Global
	GlobalSection(SolutionConfigurationPlatforms) = preSolution
		Debug|Any CPU = Debug|Any CPU
		Release|Any CPU = Release|Any CPU
	EndGlobalSection
	GlobalSection(ProjectConfigurationPlatforms) = postSolution
		{8A46FD11-348F-402F-865E-9590BA9E4007}.Debug|Any CPU.ActiveCfg = Debug|Any CPU
		{8A46FD11-348F-402F-865E-9590BA9E4007}.Debug|Any CPU.Build.0 = Debug|Any CPU
		{8A46FD11-348F-402F-865E-9590BA9E4007}.Release|Any CPU.ActiveCfg = Release|Any CPU
		{8A46FD11-348F-402F-865E-9590BA9E4007}.Release|Any CPU.Build.0 = Release|Any CPU
	EndGlobalSection
	GlobalSection(SolutionProperties) = preSolution
		HideSolutionNode = FALSE
	EndGlobalSection
	GlobalSection(ExtensibilityGlobals) = postSolution
		SolutionGuid = {F14E51FA-3EF8-4162-82AD-5562262A00AB}
	EndGlobalSection
EndGlobal
